// !$*UTF8*$!
{
	archiveVersion = 1;
	classes = {
	};
	objectVersion = 50;
	objects = {

/* Begin PBXBuildFile section */
		35B33A3624CC54CE0086D34F /* AppDelegate.swift in Sources */ = {isa = PBXBuildFile; fileRef = 35B33A3524CC54CE0086D34F /* AppDelegate.swift */; };
		35B33A3824CC54CE0086D34F /* SceneDelegate.swift in Sources */ = {isa = PBXBuildFile; fileRef = 35B33A3724CC54CE0086D34F /* SceneDelegate.swift */; };
		35B33A3A24CC54CE0086D34F /* VillagersViewController.swift in Sources */ = {isa = PBXBuildFile; fileRef = 35B33A3924CC54CE0086D34F /* VillagersViewController.swift */; };
		35B33A3F24CC54CF0086D34F /* Assets.xcassets in Resources */ = {isa = PBXBuildFile; fileRef = 35B33A3E24CC54CF0086D34F /* Assets.xcassets */; };
		35B33A4224CC54CF0086D34F /* LaunchScreen.storyboard in Resources */ = {isa = PBXBuildFile; fileRef = 35B33A4024CC54CF0086D34F /* LaunchScreen.storyboard */; };
		35B33A4D24CC54CF0086D34F /* AnimalCrossingTests.swift in Sources */ = {isa = PBXBuildFile; fileRef = 35B33A4C24CC54CF0086D34F /* AnimalCrossingTests.swift */; };
		35B33A5924CC56270086D34F /* ViewExtensions.swift in Sources */ = {isa = PBXBuildFile; fileRef = 35B33A5824CC56270086D34F /* ViewExtensions.swift */; };
		35B33A5B24CC56380086D34F /* ReuseIdentifiable.swift in Sources */ = {isa = PBXBuildFile; fileRef = 35B33A5A24CC56380086D34F /* ReuseIdentifiable.swift */; };
		35B33A5D24CC56490086D34F /* CollectionViewExtensions.swift in Sources */ = {isa = PBXBuildFile; fileRef = 35B33A5C24CC56490086D34F /* CollectionViewExtensions.swift */; };
		35B33A6024CC572B0086D34F /* AppFlowCoordinator.swift in Sources */ = {isa = PBXBuildFile; fileRef = 35B33A5F24CC572B0086D34F /* AppFlowCoordinator.swift */; };
		35B33A6224CC57920086D34F /* VillagersViewModel.swift in Sources */ = {isa = PBXBuildFile; fileRef = 35B33A6124CC57920086D34F /* VillagersViewModel.swift */; };
/* End PBXBuildFile section */

/* Begin PBXContainerItemProxy section */
		35B33A4924CC54CF0086D34F /* PBXContainerItemProxy */ = {
			isa = PBXContainerItemProxy;
			containerPortal = 35B33A2A24CC54CE0086D34F /* Project object */;
			proxyType = 1;
			remoteGlobalIDString = 35B33A3124CC54CE0086D34F;
			remoteInfo = AnimalCrossing;
		};
/* End PBXContainerItemProxy section */

/* Begin PBXFileReference section */
		35B33A3224CC54CE0086D34F /* AnimalCrossing.app */ = {isa = PBXFileReference; explicitFileType = wrapper.application; includeInIndex = 0; path = AnimalCrossing.app; sourceTree = BUILT_PRODUCTS_DIR; };
		35B33A3524CC54CE0086D34F /* AppDelegate.swift */ = {isa = PBXFileReference; lastKnownFileType = sourcecode.swift; path = AppDelegate.swift; sourceTree = "<group>"; };
		35B33A3724CC54CE0086D34F /* SceneDelegate.swift */ = {isa = PBXFileReference; lastKnownFileType = sourcecode.swift; path = SceneDelegate.swift; sourceTree = "<group>"; };
		35B33A3924CC54CE0086D34F /* VillagersViewController.swift */ = {isa = PBXFileReference; lastKnownFileType = sourcecode.swift; path = VillagersViewController.swift; sourceTree = "<group>"; };
		35B33A3E24CC54CF0086D34F /* Assets.xcassets */ = {isa = PBXFileReference; lastKnownFileType = folder.assetcatalog; path = Assets.xcassets; sourceTree = "<group>"; };
		35B33A4124CC54CF0086D34F /* Base */ = {isa = PBXFileReference; lastKnownFileType = file.storyboard; name = Base; path = Base.lproj/LaunchScreen.storyboard; sourceTree = "<group>"; };
		35B33A4324CC54CF0086D34F /* Info.plist */ = {isa = PBXFileReference; lastKnownFileType = text.plist.xml; path = Info.plist; sourceTree = "<group>"; };
		35B33A4824CC54CF0086D34F /* AnimalCrossingTests.xctest */ = {isa = PBXFileReference; explicitFileType = wrapper.cfbundle; includeInIndex = 0; path = AnimalCrossingTests.xctest; sourceTree = BUILT_PRODUCTS_DIR; };
		35B33A4C24CC54CF0086D34F /* AnimalCrossingTests.swift */ = {isa = PBXFileReference; lastKnownFileType = sourcecode.swift; path = AnimalCrossingTests.swift; sourceTree = "<group>"; };
		35B33A4E24CC54CF0086D34F /* Info.plist */ = {isa = PBXFileReference; lastKnownFileType = text.plist.xml; path = Info.plist; sourceTree = "<group>"; };
		35B33A5824CC56270086D34F /* ViewExtensions.swift */ = {isa = PBXFileReference; lastKnownFileType = sourcecode.swift; path = ViewExtensions.swift; sourceTree = "<group>"; };
		35B33A5A24CC56380086D34F /* ReuseIdentifiable.swift */ = {isa = PBXFileReference; lastKnownFileType = sourcecode.swift; path = ReuseIdentifiable.swift; sourceTree = "<group>"; };
		35B33A5C24CC56490086D34F /* CollectionViewExtensions.swift */ = {isa = PBXFileReference; lastKnownFileType = sourcecode.swift; path = CollectionViewExtensions.swift; sourceTree = "<group>"; };
		35B33A5F24CC572B0086D34F /* AppFlowCoordinator.swift */ = {isa = PBXFileReference; lastKnownFileType = sourcecode.swift; path = AppFlowCoordinator.swift; sourceTree = "<group>"; };
		35B33A6124CC57920086D34F /* VillagersViewModel.swift */ = {isa = PBXFileReference; lastKnownFileType = sourcecode.swift; path = VillagersViewModel.swift; sourceTree = "<group>"; };
/* End PBXFileReference section */

/* Begin PBXFrameworksBuildPhase section */
		35B33A2F24CC54CE0086D34F /* Frameworks */ = {
			isa = PBXFrameworksBuildPhase;
			buildActionMask = 2147483647;
			files = (
			);
			runOnlyForDeploymentPostprocessing = 0;
		};
		35B33A4524CC54CF0086D34F /* Frameworks */ = {
			isa = PBXFrameworksBuildPhase;
			buildActionMask = 2147483647;
			files = (
			);
			runOnlyForDeploymentPostprocessing = 0;
		};
/* End PBXFrameworksBuildPhase section */

/* Begin PBXGroup section */
		35B33A2924CC54CE0086D34F = {
			isa = PBXGroup;
			children = (
				35B33A3424CC54CE0086D34F /* AnimalCrossing */,
				35B33A4B24CC54CF0086D34F /* AnimalCrossingTests */,
				35B33A3324CC54CE0086D34F /* Products */,
			);
			sourceTree = "<group>";
		};
		35B33A3324CC54CE0086D34F /* Products */ = {
			isa = PBXGroup;
			children = (
				35B33A3224CC54CE0086D34F /* AnimalCrossing.app */,
				35B33A4824CC54CF0086D34F /* AnimalCrossingTests.xctest */,
			);
			name = Products;
			sourceTree = "<group>";
		};
		35B33A3424CC54CE0086D34F /* AnimalCrossing */ = {
			isa = PBXGroup;
			children = (
				35B33A3524CC54CE0086D34F /* AppDelegate.swift */,
				35B33A3724CC54CE0086D34F /* SceneDelegate.swift */,
				35B33A5F24CC572B0086D34F /* AppFlowCoordinator.swift */,
				35B33A5E24CC57150086D34F /* Villagers */,
				35B33A5724CC561A0086D34F /* Extensions */,
				35B33A3E24CC54CF0086D34F /* Assets.xcassets */,
				35B33A4024CC54CF0086D34F /* LaunchScreen.storyboard */,
				35B33A4324CC54CF0086D34F /* Info.plist */,
			);
			path = AnimalCrossing;
			sourceTree = "<group>";
		};
		35B33A4B24CC54CF0086D34F /* AnimalCrossingTests */ = {
			isa = PBXGroup;
			children = (
				35B33A4C24CC54CF0086D34F /* AnimalCrossingTests.swift */,
				35B33A4E24CC54CF0086D34F /* Info.plist */,
			);
			path = AnimalCrossingTests;
			sourceTree = "<group>";
		};
		35B33A5724CC561A0086D34F /* Extensions */ = {
			isa = PBXGroup;
			children = (
				35B33A5824CC56270086D34F /* ViewExtensions.swift */,
				35B33A5A24CC56380086D34F /* ReuseIdentifiable.swift */,
				35B33A5C24CC56490086D34F /* CollectionViewExtensions.swift */,
			);
			path = Extensions;
			sourceTree = "<group>";
		};
		35B33A5E24CC57150086D34F /* Villagers */ = {
			isa = PBXGroup;
			children = (
				35B33A6124CC57920086D34F /* VillagersViewModel.swift */,
				35B33A3924CC54CE0086D34F /* VillagersViewController.swift */,
			);
			path = Villagers;
			sourceTree = "<group>";
		};
/* End PBXGroup section */

/* Begin PBXNativeTarget section */
		35B33A3124CC54CE0086D34F /* AnimalCrossing */ = {
			isa = PBXNativeTarget;
			buildConfigurationList = 35B33A5124CC54CF0086D34F /* Build configuration list for PBXNativeTarget "AnimalCrossing" */;
			buildPhases = (
				35B33A2E24CC54CE0086D34F /* Sources */,
				35B33A2F24CC54CE0086D34F /* Frameworks */,
				35B33A3024CC54CE0086D34F /* Resources */,
			);
			buildRules = (
			);
			dependencies = (
			);
			name = AnimalCrossing;
			productName = AnimalCrossing;
			productReference = 35B33A3224CC54CE0086D34F /* AnimalCrossing.app */;
			productType = "com.apple.product-type.application";
		};
		35B33A4724CC54CF0086D34F /* AnimalCrossingTests */ = {
			isa = PBXNativeTarget;
			buildConfigurationList = 35B33A5424CC54CF0086D34F /* Build configuration list for PBXNativeTarget "AnimalCrossingTests" */;
			buildPhases = (
				35B33A4424CC54CF0086D34F /* Sources */,
				35B33A4524CC54CF0086D34F /* Frameworks */,
				35B33A4624CC54CF0086D34F /* Resources */,
			);
			buildRules = (
			);
			dependencies = (
				35B33A4A24CC54CF0086D34F /* PBXTargetDependency */,
			);
			name = AnimalCrossingTests;
			productName = AnimalCrossingTests;
			productReference = 35B33A4824CC54CF0086D34F /* AnimalCrossingTests.xctest */;
			productType = "com.apple.product-type.bundle.unit-test";
		};
/* End PBXNativeTarget section */

/* Begin PBXProject section */
		35B33A2A24CC54CE0086D34F /* Project object */ = {
			isa = PBXProject;
			attributes = {
				LastSwiftUpdateCheck = 1140;
				LastUpgradeCheck = 1140;
				ORGANIZATIONNAME = ACartagena;
				TargetAttributes = {
					35B33A3124CC54CE0086D34F = {
						CreatedOnToolsVersion = 11.4.1;
					};
					35B33A4724CC54CF0086D34F = {
						CreatedOnToolsVersion = 11.4.1;
						TestTargetID = 35B33A3124CC54CE0086D34F;
					};
				};
			};
			buildConfigurationList = 35B33A2D24CC54CE0086D34F /* Build configuration list for PBXProject "AnimalCrossing" */;
			compatibilityVersion = "Xcode 9.3";
			developmentRegion = en;
			hasScannedForEncodings = 0;
			knownRegions = (
				en,
				Base,
			);
			mainGroup = 35B33A2924CC54CE0086D34F;
			productRefGroup = 35B33A3324CC54CE0086D34F /* Products */;
			projectDirPath = "";
			projectRoot = "";
			targets = (
				35B33A3124CC54CE0086D34F /* AnimalCrossing */,
				35B33A4724CC54CF0086D34F /* AnimalCrossingTests */,
			);
		};
/* End PBXProject section */

/* Begin PBXResourcesBuildPhase section */
		35B33A3024CC54CE0086D34F /* Resources */ = {
			isa = PBXResourcesBuildPhase;
			buildActionMask = 2147483647;
			files = (
				35B33A4224CC54CF0086D34F /* LaunchScreen.storyboard in Resources */,
				35B33A3F24CC54CF0086D34F /* Assets.xcassets in Resources */,
			);
			runOnlyForDeploymentPostprocessing = 0;
		};
		35B33A4624CC54CF0086D34F /* Resources */ = {
			isa = PBXResourcesBuildPhase;
			buildActionMask = 2147483647;
			files = (
			);
			runOnlyForDeploymentPostprocessing = 0;
		};
/* End PBXResourcesBuildPhase section */

/* Begin PBXSourcesBuildPhase section */
		35B33A2E24CC54CE0086D34F /* Sources */ = {
			isa = PBXSourcesBuildPhase;
			buildActionMask = 2147483647;
			files = (
				35B33A6224CC57920086D34F /* VillagersViewModel.swift in Sources */,
				35B33A5D24CC56490086D34F /* CollectionViewExtensions.swift in Sources */,
				35B33A3A24CC54CE0086D34F /* VillagersViewController.swift in Sources */,
				35B33A5B24CC56380086D34F /* ReuseIdentifiable.swift in Sources */,
				35B33A3624CC54CE0086D34F /* AppDelegate.swift in Sources */,
				35B33A5924CC56270086D34F /* ViewExtensions.swift in Sources */,
				35B33A3824CC54CE0086D34F /* SceneDelegate.swift in Sources */,
				35B33A6024CC572B0086D34F /* AppFlowCoordinator.swift in Sources */,
			);
			runOnlyForDeploymentPostprocessing = 0;
		};
		35B33A4424CC54CF0086D34F /* Sources */ = {
			isa = PBXSourcesBuildPhase;
			buildActionMask = 2147483647;
			files = (
				35B33A4D24CC54CF0086D34F /* AnimalCrossingTests.swift in Sources */,
			);
			runOnlyForDeploymentPostprocessing = 0;
		};
/* End PBXSourcesBuildPhase section */

/* Begin PBXTargetDependency section */
		35B33A4A24CC54CF0086D34F /* PBXTargetDependency */ = {
			isa = PBXTargetDependency;
			target = 35B33A3124CC54CE0086D34F /* AnimalCrossing */;
			targetProxy = 35B33A4924CC54CF0086D34F /* PBXContainerItemProxy */;
		};
/* End PBXTargetDependency section */

/* Begin PBXVariantGroup section */
		35B33A4024CC54CF0086D34F /* LaunchScreen.storyboard */ = {
			isa = PBXVariantGroup;
			children = (
				35B33A4124CC54CF0086D34F /* Base */,
			);
			name = LaunchScreen.storyboard;
			sourceTree = "<group>";
		};
/* End PBXVariantGroup section */

/* Begin XCBuildConfiguration section */
		35B33A4F24CC54CF0086D34F /* Debug */ = {
			isa = XCBuildConfiguration;
			buildSettings = {
				ALWAYS_SEARCH_USER_PATHS = NO;
				CLANG_ANALYZER_NONNULL = YES;
				CLANG_ANALYZER_NUMBER_OBJECT_CONVERSION = YES_AGGRESSIVE;
				CLANG_CXX_LANGUAGE_STANDARD = "gnu++14";
				CLANG_CXX_LIBRARY = "libc++";
				CLANG_ENABLE_MODULES = YES;
				CLANG_ENABLE_OBJC_ARC = YES;
				CLANG_ENABLE_OBJC_WEAK = YES;
				CLANG_WARN_BLOCK_CAPTURE_AUTORELEASING = YES;
				CLANG_WARN_BOOL_CONVERSION = YES;
				CLANG_WARN_COMMA = YES;
				CLANG_WARN_CONSTANT_CONVERSION = YES;
				CLANG_WARN_DEPRECATED_OBJC_IMPLEMENTATIONS = YES;
				CLANG_WARN_DIRECT_OBJC_ISA_USAGE = YES_ERROR;
				CLANG_WARN_DOCUMENTATION_COMMENTS = YES;
				CLANG_WARN_EMPTY_BODY = YES;
				CLANG_WARN_ENUM_CONVERSION = YES;
				CLANG_WARN_INFINITE_RECURSION = YES;
				CLANG_WARN_INT_CONVERSION = YES;
				CLANG_WARN_NON_LITERAL_NULL_CONVERSION = YES;
				CLANG_WARN_OBJC_IMPLICIT_RETAIN_SELF = YES;
				CLANG_WARN_OBJC_LITERAL_CONVERSION = YES;
				CLANG_WARN_OBJC_ROOT_CLASS = YES_ERROR;
				CLANG_WARN_RANGE_LOOP_ANALYSIS = YES;
				CLANG_WARN_STRICT_PROTOTYPES = YES;
				CLANG_WARN_SUSPICIOUS_MOVE = YES;
				CLANG_WARN_UNGUARDED_AVAILABILITY = YES_AGGRESSIVE;
				CLANG_WARN_UNREACHABLE_CODE = YES;
				CLANG_WARN__DUPLICATE_METHOD_MATCH = YES;
				COPY_PHASE_STRIP = NO;
				DEBUG_INFORMATION_FORMAT = dwarf;
				ENABLE_STRICT_OBJC_MSGSEND = YES;
				ENABLE_TESTABILITY = YES;
				GCC_C_LANGUAGE_STANDARD = gnu11;
				GCC_DYNAMIC_NO_PIC = NO;
				GCC_NO_COMMON_BLOCKS = YES;
				GCC_OPTIMIZATION_LEVEL = 0;
				GCC_PREPROCESSOR_DEFINITIONS = (
					"DEBUG=1",
					"$(inherited)",
				);
				GCC_WARN_64_TO_32_BIT_CONVERSION = YES;
				GCC_WARN_ABOUT_RETURN_TYPE = YES_ERROR;
				GCC_WARN_UNDECLARED_SELECTOR = YES;
				GCC_WARN_UNINITIALIZED_AUTOS = YES_AGGRESSIVE;
				GCC_WARN_UNUSED_FUNCTION = YES;
				GCC_WARN_UNUSED_VARIABLE = YES;
				IPHONEOS_DEPLOYMENT_TARGET = 13.4;
				MTL_ENABLE_DEBUG_INFO = INCLUDE_SOURCE;
				MTL_FAST_MATH = YES;
				ONLY_ACTIVE_ARCH = YES;
				SDKROOT = iphoneos;
				SWIFT_ACTIVE_COMPILATION_CONDITIONS = DEBUG;
				SWIFT_OPTIMIZATION_LEVEL = "-Onone";
			};
			name = Debug;
		};
		35B33A5024CC54CF0086D34F /* Release */ = {
			isa = XCBuildConfiguration;
			buildSettings = {
				ALWAYS_SEARCH_USER_PATHS = NO;
				CLANG_ANALYZER_NONNULL = YES;
				CLANG_ANALYZER_NUMBER_OBJECT_CONVERSION = YES_AGGRESSIVE;
				CLANG_CXX_LANGUAGE_STANDARD = "gnu++14";
				CLANG_CXX_LIBRARY = "libc++";
				CLANG_ENABLE_MODULES = YES;
				CLANG_ENABLE_OBJC_ARC = YES;
				CLANG_ENABLE_OBJC_WEAK = YES;
				CLANG_WARN_BLOCK_CAPTURE_AUTORELEASING = YES;
				CLANG_WARN_BOOL_CONVERSION = YES;
				CLANG_WARN_COMMA = YES;
				CLANG_WARN_CONSTANT_CONVERSION = YES;
				CLANG_WARN_DEPRECATED_OBJC_IMPLEMENTATIONS = YES;
				CLANG_WARN_DIRECT_OBJC_ISA_USAGE = YES_ERROR;
				CLANG_WARN_DOCUMENTATION_COMMENTS = YES;
				CLANG_WARN_EMPTY_BODY = YES;
				CLANG_WARN_ENUM_CONVERSION = YES;
				CLANG_WARN_INFINITE_RECURSION = YES;
				CLANG_WARN_INT_CONVERSION = YES;
				CLANG_WARN_NON_LITERAL_NULL_CONVERSION = YES;
				CLANG_WARN_OBJC_IMPLICIT_RETAIN_SELF = YES;
				CLANG_WARN_OBJC_LITERAL_CONVERSION = YES;
				CLANG_WARN_OBJC_ROOT_CLASS = YES_ERROR;
				CLANG_WARN_RANGE_LOOP_ANALYSIS = YES;
				CLANG_WARN_STRICT_PROTOTYPES = YES;
				CLANG_WARN_SUSPICIOUS_MOVE = YES;
				CLANG_WARN_UNGUARDED_AVAILABILITY = YES_AGGRESSIVE;
				CLANG_WARN_UNREACHABLE_CODE = YES;
				CLANG_WARN__DUPLICATE_METHOD_MATCH = YES;
				COPY_PHASE_STRIP = NO;
				DEBUG_INFORMATION_FORMAT = "dwarf-with-dsym";
				ENABLE_NS_ASSERTIONS = NO;
				ENABLE_STRICT_OBJC_MSGSEND = YES;
				GCC_C_LANGUAGE_STANDARD = gnu11;
				GCC_NO_COMMON_BLOCKS = YES;
				GCC_WARN_64_TO_32_BIT_CONVERSION = YES;
				GCC_WARN_ABOUT_RETURN_TYPE = YES_ERROR;
				GCC_WARN_UNDECLARED_SELECTOR = YES;
				GCC_WARN_UNINITIALIZED_AUTOS = YES_AGGRESSIVE;
				GCC_WARN_UNUSED_FUNCTION = YES;
				GCC_WARN_UNUSED_VARIABLE = YES;
				IPHONEOS_DEPLOYMENT_TARGET = 13.4;
				MTL_ENABLE_DEBUG_INFO = NO;
				MTL_FAST_MATH = YES;
				SDKROOT = iphoneos;
				SWIFT_COMPILATION_MODE = wholemodule;
				SWIFT_OPTIMIZATION_LEVEL = "-O";
				VALIDATE_PRODUCT = YES;
			};
			name = Release;
		};
		35B33A5224CC54CF0086D34F /* Debug */ = {
			isa = XCBuildConfiguration;
			buildSettings = {
				ASSETCATALOG_COMPILER_APPICON_NAME = AppIcon;
				CODE_SIGN_STYLE = Automatic;
				DEVELOPMENT_TEAM = VWW575E2Q5;
				INFOPLIST_FILE = AnimalCrossing/Info.plist;
				LD_RUNPATH_SEARCH_PATHS = (
					"$(inherited)",
					"@executable_path/Frameworks",
				);
				PRODUCT_BUNDLE_IDENTIFIER = com.acicartagena.AnimalCrossing;
				PRODUCT_NAME = "$(TARGET_NAME)";
				SWIFT_VERSION = 5.0;
				TARGETED_DEVICE_FAMILY = "1,2";
			};
			name = Debug;
		};
		35B33A5324CC54CF0086D34F /* Release */ = {
			isa = XCBuildConfiguration;
			buildSettings = {
				ASSETCATALOG_COMPILER_APPICON_NAME = AppIcon;
				CODE_SIGN_STYLE = Automatic;
				DEVELOPMENT_TEAM = VWW575E2Q5;
				INFOPLIST_FILE = AnimalCrossing/Info.plist;
				LD_RUNPATH_SEARCH_PATHS = (
					"$(inherited)",
					"@executable_path/Frameworks",
				);
				PRODUCT_BUNDLE_IDENTIFIER = com.acicartagena.AnimalCrossing;
				PRODUCT_NAME = "$(TARGET_NAME)";
				SWIFT_VERSION = 5.0;
				TARGETED_DEVICE_FAMILY = "1,2";
			};
			name = Release;
		};
		35B33A5524CC54CF0086D34F /* Debug */ = {
			isa = XCBuildConfiguration;
			buildSettings = {
				ALWAYS_EMBED_SWIFT_STANDARD_LIBRARIES = YES;
				BUNDLE_LOADER = "$(TEST_HOST)";
				CODE_SIGN_STYLE = Automatic;
				DEVELOPMENT_TEAM = VWW575E2Q5;
				INFOPLIST_FILE = AnimalCrossingTests/Info.plist;
				IPHONEOS_DEPLOYMENT_TARGET = 13.4;
				LD_RUNPATH_SEARCH_PATHS = (
					"$(inherited)",
					"@executable_path/Frameworks",
					"@loader_path/Frameworks",
				);
				PRODUCT_BUNDLE_IDENTIFIER = com.acicartagena.AnimalCrossingTests;
				PRODUCT_NAME = "$(TARGET_NAME)";
				SWIFT_VERSION = 5.0;
				TARGETED_DEVICE_FAMILY = "1,2";
				TEST_HOST = "$(BUILT_PRODUCTS_DIR)/AnimalCrossing.app/AnimalCrossing";
			};
			name = Debug;
		};
		35B33A5624CC54CF0086D34F /* Release */ = {
			isa = XCBuildConfiguration;
			buildSettings = {
				ALWAYS_EMBED_SWIFT_STANDARD_LIBRARIES = YES;
				BUNDLE_LOADER = "$(TEST_HOST)";
				CODE_SIGN_STYLE = Automatic;
				DEVELOPMENT_TEAM = VWW575E2Q5;
				INFOPLIST_FILE = AnimalCrossingTests/Info.plist;
				IPHONEOS_DEPLOYMENT_TARGET = 13.4;
				LD_RUNPATH_SEARCH_PATHS = (
					"$(inherited)",
					"@executable_path/Frameworks",
					"@loader_path/Frameworks",
				);
				PRODUCT_BUNDLE_IDENTIFIER = com.acicartagena.AnimalCrossingTests;
				PRODUCT_NAME = "$(TARGET_NAME)";
				SWIFT_VERSION = 5.0;
				TARGETED_DEVICE_FAMILY = "1,2";
				TEST_HOST = "$(BUILT_PRODUCTS_DIR)/AnimalCrossing.app/AnimalCrossing";
			};
			name = Release;
		};
/* End XCBuildConfiguration section */

/* Begin XCConfigurationList section */
		35B33A2D24CC54CE0086D34F /* Build configuration list for PBXProject "AnimalCrossing" */ = {
			isa = XCConfigurationList;
			buildConfigurations = (
				35B33A4F24CC54CF0086D34F /* Debug */,
				35B33A5024CC54CF0086D34F /* Release */,
			);
			defaultConfigurationIsVisible = 0;
			defaultConfigurationName = Release;
		};
		35B33A5124CC54CF0086D34F /* Build configuration list for PBXNativeTarget "AnimalCrossing" */ = {
			isa = XCConfigurationList;
			buildConfigurations = (
				35B33A5224CC54CF0086D34F /* Debug */,
				35B33A5324CC54CF0086D34F /* Release */,
			);
			defaultConfigurationIsVisible = 0;
			defaultConfigurationName = Release;
		};
		35B33A5424CC54CF0086D34F /* Build configuration list for PBXNativeTarget "AnimalCrossingTests" */ = {
			isa = XCConfigurationList;
			buildConfigurations = (
				35B33A5524CC54CF0086D34F /* Debug */,
				35B33A5624CC54CF0086D34F /* Release */,
			);
			defaultConfigurationIsVisible = 0;
			defaultConfigurationName = Release;
		};
/* End XCConfigurationList section */
	};
	rootObject = 35B33A2A24CC54CE0086D34F /* Project object */;
}
